// !$*UTF8*$!
{
	archiveVersion = 1;
	classes = {
	};
	objectVersion = 56;
	objects = {

/* Begin PBXBuildFile section */
		4D27673B2AD152B200DE9D5D /* DaimonProfileApp.swift in Sources */ = {isa = PBXBuildFile; fileRef = 4D27673A2AD152B200DE9D5D /* DaimonProfileApp.swift */; };
		4D27673D2AD152B200DE9D5D /* ContentView.swift in Sources */ = {isa = PBXBuildFile; fileRef = 4D27673C2AD152B200DE9D5D /* ContentView.swift */; };
		4D27673F2AD152B400DE9D5D /* Assets.xcassets in Resources */ = {isa = PBXBuildFile; fileRef = 4D27673E2AD152B400DE9D5D /* Assets.xcassets */; };
		4D2767422AD152B400DE9D5D /* Preview Assets.xcassets in Resources */ = {isa = PBXBuildFile; fileRef = 4D2767412AD152B400DE9D5D /* Preview Assets.xcassets */; };
		4D27674C2AD152B400DE9D5D /* DaimonProfileTests.swift in Sources */ = {isa = PBXBuildFile; fileRef = 4D27674B2AD152B400DE9D5D /* DaimonProfileTests.swift */; };
		4D2767562AD152B400DE9D5D /* DaimonProfileUITests.swift in Sources */ = {isa = PBXBuildFile; fileRef = 4D2767552AD152B400DE9D5D /* DaimonProfileUITests.swift */; };
		4D2767582AD152B400DE9D5D /* DaimonProfileUITestsLaunchTests.swift in Sources */ = {isa = PBXBuildFile; fileRef = 4D2767572AD152B400DE9D5D /* DaimonProfileUITestsLaunchTests.swift */; };
		4DB970AA2AD851DC007825CF /* MomentView.swift in Sources */ = {isa = PBXBuildFile; fileRef = 4DB970A92AD851DC007825CF /* MomentView.swift */; };
		4DB970AC2ADB0307007825CF /* Profile.swift in Sources */ = {isa = PBXBuildFile; fileRef = 4DB970AB2ADB0307007825CF /* Profile.swift */; };
/* End PBXBuildFile section */

/* Begin PBXContainerItemProxy section */
		4D2767482AD152B400DE9D5D /* PBXContainerItemProxy */ = {
			isa = PBXContainerItemProxy;
			containerPortal = 4D27672F2AD152B200DE9D5D /* Project object */;
			proxyType = 1;
			remoteGlobalIDString = 4D2767362AD152B200DE9D5D;
			remoteInfo = DaimonProfile;
		};
		4D2767522AD152B400DE9D5D /* PBXContainerItemProxy */ = {
			isa = PBXContainerItemProxy;
			containerPortal = 4D27672F2AD152B200DE9D5D /* Project object */;
			proxyType = 1;
			remoteGlobalIDString = 4D2767362AD152B200DE9D5D;
			remoteInfo = DaimonProfile;
		};
/* End PBXContainerItemProxy section */

/* Begin PBXFileReference section */
		4D2767372AD152B200DE9D5D /* DaimonProfile.app */ = {isa = PBXFileReference; explicitFileType = wrapper.application; includeInIndex = 0; path = DaimonProfile.app; sourceTree = BUILT_PRODUCTS_DIR; };
		4D27673A2AD152B200DE9D5D /* DaimonProfileApp.swift */ = {isa = PBXFileReference; lastKnownFileType = sourcecode.swift; path = DaimonProfileApp.swift; sourceTree = "<group>"; };
		4D27673C2AD152B200DE9D5D /* ContentView.swift */ = {isa = PBXFileReference; lastKnownFileType = sourcecode.swift; path = ContentView.swift; sourceTree = "<group>"; };
		4D27673E2AD152B400DE9D5D /* Assets.xcassets */ = {isa = PBXFileReference; lastKnownFileType = folder.assetcatalog; path = Assets.xcassets; sourceTree = "<group>"; };
		4D2767412AD152B400DE9D5D /* Preview Assets.xcassets */ = {isa = PBXFileReference; lastKnownFileType = folder.assetcatalog; path = "Preview Assets.xcassets"; sourceTree = "<group>"; };
		4D2767472AD152B400DE9D5D /* DaimonProfileTests.xctest */ = {isa = PBXFileReference; explicitFileType = wrapper.cfbundle; includeInIndex = 0; path = DaimonProfileTests.xctest; sourceTree = BUILT_PRODUCTS_DIR; };
		4D27674B2AD152B400DE9D5D /* DaimonProfileTests.swift */ = {isa = PBXFileReference; lastKnownFileType = sourcecode.swift; path = DaimonProfileTests.swift; sourceTree = "<group>"; };
		4D2767512AD152B400DE9D5D /* DaimonProfileUITests.xctest */ = {isa = PBXFileReference; explicitFileType = wrapper.cfbundle; includeInIndex = 0; path = DaimonProfileUITests.xctest; sourceTree = BUILT_PRODUCTS_DIR; };
		4D2767552AD152B400DE9D5D /* DaimonProfileUITests.swift */ = {isa = PBXFileReference; lastKnownFileType = sourcecode.swift; path = DaimonProfileUITests.swift; sourceTree = "<group>"; };
		4D2767572AD152B400DE9D5D /* DaimonProfileUITestsLaunchTests.swift */ = {isa = PBXFileReference; lastKnownFileType = sourcecode.swift; path = DaimonProfileUITestsLaunchTests.swift; sourceTree = "<group>"; };
		4DB970A92AD851DC007825CF /* MomentView.swift */ = {isa = PBXFileReference; lastKnownFileType = sourcecode.swift; path = MomentView.swift; sourceTree = "<group>"; };
		4DB970AB2ADB0307007825CF /* Profile.swift */ = {isa = PBXFileReference; lastKnownFileType = sourcecode.swift; path = Profile.swift; sourceTree = "<group>"; };
/* End PBXFileReference section */

/* Begin PBXFrameworksBuildPhase section */
		4D2767342AD152B200DE9D5D /* Frameworks */ = {
			isa = PBXFrameworksBuildPhase;
			buildActionMask = 2147483647;
			files = (
			);
			runOnlyForDeploymentPostprocessing = 0;
		};
		4D2767442AD152B400DE9D5D /* Frameworks */ = {
			isa = PBXFrameworksBuildPhase;
			buildActionMask = 2147483647;
			files = (
			);
			runOnlyForDeploymentPostprocessing = 0;
		};
		4D27674E2AD152B400DE9D5D /* Frameworks */ = {
			isa = PBXFrameworksBuildPhase;
			buildActionMask = 2147483647;
			files = (
			);
			runOnlyForDeploymentPostprocessing = 0;
		};
/* End PBXFrameworksBuildPhase section */

/* Begin PBXGroup section */
		4D27672E2AD152B200DE9D5D = {
			isa = PBXGroup;
			children = (
				4DB970AB2ADB0307007825CF /* Profile.swift */,
				4DB970A92AD851DC007825CF /* MomentView.swift */,
				4D2767392AD152B200DE9D5D /* DaimonProfile */,
				4D27674A2AD152B400DE9D5D /* DaimonProfileTests */,
				4D2767542AD152B400DE9D5D /* DaimonProfileUITests */,
				4D2767382AD152B200DE9D5D /* Products */,
			);
			sourceTree = "<group>";
		};
		4D2767382AD152B200DE9D5D /* Products */ = {
			isa = PBXGroup;
			children = (
				4D2767372AD152B200DE9D5D /* DaimonProfile.app */,
				4D2767472AD152B400DE9D5D /* DaimonProfileTests.xctest */,
				4D2767512AD152B400DE9D5D /* DaimonProfileUITests.xctest */,
			);
			name = Products;
			sourceTree = "<group>";
		};
		4D2767392AD152B200DE9D5D /* DaimonProfile */ = {
			isa = PBXGroup;
			children = (
				4D27673A2AD152B200DE9D5D /* DaimonProfileApp.swift */,
				4D27673C2AD152B200DE9D5D /* ContentView.swift */,
				4D27673E2AD152B400DE9D5D /* Assets.xcassets */,
				4D2767402AD152B400DE9D5D /* Preview Content */,
			);
			path = DaimonProfile;
			sourceTree = "<group>";
		};
		4D2767402AD152B400DE9D5D /* Preview Content */ = {
			isa = PBXGroup;
			children = (
				4D2767412AD152B400DE9D5D /* Preview Assets.xcassets */,
			);
			path = "Preview Content";
			sourceTree = "<group>";
		};
		4D27674A2AD152B400DE9D5D /* DaimonProfileTests */ = {
			isa = PBXGroup;
			children = (
				4D27674B2AD152B400DE9D5D /* DaimonProfileTests.swift */,
			);
			path = DaimonProfileTests;
			sourceTree = "<group>";
		};
		4D2767542AD152B400DE9D5D /* DaimonProfileUITests */ = {
			isa = PBXGroup;
			children = (
				4D2767552AD152B400DE9D5D /* DaimonProfileUITests.swift */,
				4D2767572AD152B400DE9D5D /* DaimonProfileUITestsLaunchTests.swift */,
			);
			path = DaimonProfileUITests;
			sourceTree = "<group>";
		};
/* End PBXGroup section */

/* Begin PBXNativeTarget section */
		4D2767362AD152B200DE9D5D /* DaimonProfile */ = {
			isa = PBXNativeTarget;
			buildConfigurationList = 4D27675B2AD152B400DE9D5D /* Build configuration list for PBXNativeTarget "DaimonProfile" */;
			buildPhases = (
				4D2767332AD152B200DE9D5D /* Sources */,
				4D2767342AD152B200DE9D5D /* Frameworks */,
				4D2767352AD152B200DE9D5D /* Resources */,
			);
			buildRules = (
			);
			dependencies = (
			);
			name = DaimonProfile;
			productName = DaimonProfile;
			productReference = 4D2767372AD152B200DE9D5D /* DaimonProfile.app */;
			productType = "com.apple.product-type.application";
		};
		4D2767462AD152B400DE9D5D /* DaimonProfileTests */ = {
			isa = PBXNativeTarget;
			buildConfigurationList = 4D27675E2AD152B400DE9D5D /* Build configuration list for PBXNativeTarget "DaimonProfileTests" */;
			buildPhases = (
				4D2767432AD152B400DE9D5D /* Sources */,
				4D2767442AD152B400DE9D5D /* Frameworks */,
				4D2767452AD152B400DE9D5D /* Resources */,
			);
			buildRules = (
			);
			dependencies = (
				4D2767492AD152B400DE9D5D /* PBXTargetDependency */,
			);
			name = DaimonProfileTests;
			productName = DaimonProfileTests;
			productReference = 4D2767472AD152B400DE9D5D /* DaimonProfileTests.xctest */;
			productType = "com.apple.product-type.bundle.unit-test";
		};
		4D2767502AD152B400DE9D5D /* DaimonProfileUITests */ = {
			isa = PBXNativeTarget;
			buildConfigurationList = 4D2767612AD152B400DE9D5D /* Build configuration list for PBXNativeTarget "DaimonProfileUITests" */;
			buildPhases = (
				4D27674D2AD152B400DE9D5D /* Sources */,
				4D27674E2AD152B400DE9D5D /* Frameworks */,
				4D27674F2AD152B400DE9D5D /* Resources */,
			);
			buildRules = (
			);
			dependencies = (
				4D2767532AD152B400DE9D5D /* PBXTargetDependency */,
			);
			name = DaimonProfileUITests;
			productName = DaimonProfileUITests;
			productReference = 4D2767512AD152B400DE9D5D /* DaimonProfileUITests.xctest */;
			productType = "com.apple.product-type.bundle.ui-testing";
		};
/* End PBXNativeTarget section */

/* Begin PBXProject section */
		4D27672F2AD152B200DE9D5D /* Project object */ = {
			isa = PBXProject;
			attributes = {
				BuildIndependentTargetsInParallel = 1;
				LastSwiftUpdateCheck = 1430;
				LastUpgradeCheck = 1430;
				TargetAttributes = {
					4D2767362AD152B200DE9D5D = {
						CreatedOnToolsVersion = 14.3.1;
					};
					4D2767462AD152B400DE9D5D = {
						CreatedOnToolsVersion = 14.3.1;
						TestTargetID = 4D2767362AD152B200DE9D5D;
					};
					4D2767502AD152B400DE9D5D = {
						CreatedOnToolsVersion = 14.3.1;
						TestTargetID = 4D2767362AD152B200DE9D5D;
					};
				};
			};
			buildConfigurationList = 4D2767322AD152B200DE9D5D /* Build configuration list for PBXProject "DaimonProfile" */;
			compatibilityVersion = "Xcode 14.0";
			developmentRegion = en;
			hasScannedForEncodings = 0;
			knownRegions = (
				en,
				Base,
			);
			mainGroup = 4D27672E2AD152B200DE9D5D;
			productRefGroup = 4D2767382AD152B200DE9D5D /* Products */;
			projectDirPath = "";
			projectRoot = "";
			targets = (
				4D2767362AD152B200DE9D5D /* DaimonProfile */,
				4D2767462AD152B400DE9D5D /* DaimonProfileTests */,
				4D2767502AD152B400DE9D5D /* DaimonProfileUITests */,
			);
		};
/* End PBXProject section */

/* Begin PBXResourcesBuildPhase section */
		4D2767352AD152B200DE9D5D /* Resources */ = {
			isa = PBXResourcesBuildPhase;
			buildActionMask = 2147483647;
			files = (
				4D2767422AD152B400DE9D5D /* Preview Assets.xcassets in Resources */,
				4D27673F2AD152B400DE9D5D /* Assets.xcassets in Resources */,
			);
			runOnlyForDeploymentPostprocessing = 0;
		};
		4D2767452AD152B400DE9D5D /* Resources */ = {
			isa = PBXResourcesBuildPhase;
			buildActionMask = 2147483647;
			files = (
			);
			runOnlyForDeploymentPostprocessing = 0;
		};
		4D27674F2AD152B400DE9D5D /* Resources */ = {
			isa = PBXResourcesBuildPhase;
			buildActionMask = 2147483647;
			files = (
			);
			runOnlyForDeploymentPostprocessing = 0;
		};
/* End PBXResourcesBuildPhase section */

/* Begin PBXSourcesBuildPhase section */
		4D2767332AD152B200DE9D5D /* Sources */ = {
			isa = PBXSourcesBuildPhase;
			buildActionMask = 2147483647;
			files = (
				4D27673D2AD152B200DE9D5D /* ContentView.swift in Sources */,
				4DB970AC2ADB0307007825CF /* Profile.swift in Sources */,
				4DB970AA2AD851DC007825CF /* MomentView.swift in Sources */,
				4D27673B2AD152B200DE9D5D /* DaimonProfileApp.swift in Sources */,
			);
			runOnlyForDeploymentPostprocessing = 0;
		};
		4D2767432AD152B400DE9D5D /* Sources */ = {
			isa = PBXSourcesBuildPhase;
			buildActionMask = 2147483647;
			files = (
				4D27674C2AD152B400DE9D5D /* DaimonProfileTests.swift in Sources */,
			);
			runOnlyForDeploymentPostprocessing = 0;
		};
		4D27674D2AD152B400DE9D5D /* Sources */ = {
			isa = PBXSourcesBuildPhase;
			buildActionMask = 2147483647;
			files = (
				4D2767582AD152B400DE9D5D /* DaimonProfileUITestsLaunchTests.swift in Sources */,
				4D2767562AD152B400DE9D5D /* DaimonProfileUITests.swift in Sources */,
			);
			runOnlyForDeploymentPostprocessing = 0;
		};
/* End PBXSourcesBuildPhase section */

/* Begin PBXTargetDependency section */
		4D2767492AD152B400DE9D5D /* PBXTargetDependency */ = {
			isa = PBXTargetDependency;
			target = 4D2767362AD152B200DE9D5D /* DaimonProfile */;
			targetProxy = 4D2767482AD152B400DE9D5D /* PBXContainerItemProxy */;
		};
		4D2767532AD152B400DE9D5D /* PBXTargetDependency */ = {
			isa = PBXTargetDependency;
			target = 4D2767362AD152B200DE9D5D /* DaimonProfile */;
			targetProxy = 4D2767522AD152B400DE9D5D /* PBXContainerItemProxy */;
		};
/* End PBXTargetDependency section */

/* Begin XCBuildConfiguration section */
		4D2767592AD152B400DE9D5D /* Debug */ = {
			isa = XCBuildConfiguration;
			buildSettings = {
				ALWAYS_SEARCH_USER_PATHS = NO;
				CLANG_ANALYZER_NONNULL = YES;
				CLANG_ANALYZER_NUMBER_OBJECT_CONVERSION = YES_AGGRESSIVE;
				CLANG_CXX_LANGUAGE_STANDARD = "gnu++20";
				CLANG_ENABLE_MODULES = YES;
				CLANG_ENABLE_OBJC_ARC = YES;
				CLANG_ENABLE_OBJC_WEAK = YES;
				CLANG_WARN_BLOCK_CAPTURE_AUTORELEASING = YES;
				CLANG_WARN_BOOL_CONVERSION = YES;
				CLANG_WARN_COMMA = YES;
				CLANG_WARN_CONSTANT_CONVERSION = YES;
				CLANG_WARN_DEPRECATED_OBJC_IMPLEMENTATIONS = YES;
				CLANG_WARN_DIRECT_OBJC_ISA_USAGE = YES_ERROR;
				CLANG_WARN_DOCUMENTATION_COMMENTS = YES;
				CLANG_WARN_EMPTY_BODY = YES;
				CLANG_WARN_ENUM_CONVERSION = YES;
				CLANG_WARN_INFINITE_RECURSION = YES;
				CLANG_WARN_INT_CONVERSION = YES;
				CLANG_WARN_NON_LITERAL_NULL_CONVERSION = YES;
				CLANG_WARN_OBJC_IMPLICIT_RETAIN_SELF = YES;
				CLANG_WARN_OBJC_LITERAL_CONVERSION = YES;
				CLANG_WARN_OBJC_ROOT_CLASS = YES_ERROR;
				CLANG_WARN_QUOTED_INCLUDE_IN_FRAMEWORK_HEADER = YES;
				CLANG_WARN_RANGE_LOOP_ANALYSIS = YES;
				CLANG_WARN_STRICT_PROTOTYPES = YES;
				CLANG_WARN_SUSPICIOUS_MOVE = YES;
				CLANG_WARN_UNGUARDED_AVAILABILITY = YES_AGGRESSIVE;
				CLANG_WARN_UNREACHABLE_CODE = YES;
				CLANG_WARN__DUPLICATE_METHOD_MATCH = YES;
				COPY_PHASE_STRIP = NO;
				DEBUG_INFORMATION_FORMAT = dwarf;
				ENABLE_STRICT_OBJC_MSGSEND = YES;
				ENABLE_TESTABILITY = YES;
				GCC_C_LANGUAGE_STANDARD = gnu11;
				GCC_DYNAMIC_NO_PIC = NO;
				GCC_NO_COMMON_BLOCKS = YES;
				GCC_OPTIMIZATION_LEVEL = 0;
				GCC_PREPROCESSOR_DEFINITIONS = (
					"DEBUG=1",
					"$(inherited)",
				);
				GCC_WARN_64_TO_32_BIT_CONVERSION = YES;
				GCC_WARN_ABOUT_RETURN_TYPE = YES_ERROR;
				GCC_WARN_UNDECLARED_SELECTOR = YES;
				GCC_WARN_UNINITIALIZED_AUTOS = YES_AGGRESSIVE;
				GCC_WARN_UNUSED_FUNCTION = YES;
				GCC_WARN_UNUSED_VARIABLE = YES;
				IPHONEOS_DEPLOYMENT_TARGET = 16.4;
				MTL_ENABLE_DEBUG_INFO = INCLUDE_SOURCE;
				MTL_FAST_MATH = YES;
				ONLY_ACTIVE_ARCH = YES;
				SDKROOT = iphoneos;
				SWIFT_ACTIVE_COMPILATION_CONDITIONS = DEBUG;
				SWIFT_OPTIMIZATION_LEVEL = "-Onone";
			};
			name = Debug;
		};
		4D27675A2AD152B400DE9D5D /* Release */ = {
			isa = XCBuildConfiguration;
			buildSettings = {
				ALWAYS_SEARCH_USER_PATHS = NO;
				CLANG_ANALYZER_NONNULL = YES;
				CLANG_ANALYZER_NUMBER_OBJECT_CONVERSION = YES_AGGRESSIVE;
				CLANG_CXX_LANGUAGE_STANDARD = "gnu++20";
				CLANG_ENABLE_MODULES = YES;
				CLANG_ENABLE_OBJC_ARC = YES;
				CLANG_ENABLE_OBJC_WEAK = YES;
				CLANG_WARN_BLOCK_CAPTURE_AUTORELEASING = YES;
				CLANG_WARN_BOOL_CONVERSION = YES;
				CLANG_WARN_COMMA = YES;
				CLANG_WARN_CONSTANT_CONVERSION = YES;
				CLANG_WARN_DEPRECATED_OBJC_IMPLEMENTATIONS = YES;
				CLANG_WARN_DIRECT_OBJC_ISA_USAGE = YES_ERROR;
				CLANG_WARN_DOCUMENTATION_COMMENTS = YES;
				CLANG_WARN_EMPTY_BODY = YES;
				CLANG_WARN_ENUM_CONVERSION = YES;
				CLANG_WARN_INFINITE_RECURSION = YES;
				CLANG_WARN_INT_CONVERSION = YES;
				CLANG_WARN_NON_LITERAL_NULL_CONVERSION = YES;
				CLANG_WARN_OBJC_IMPLICIT_RETAIN_SELF = YES;
				CLANG_WARN_OBJC_LITERAL_CONVERSION = YES;
				CLANG_WARN_OBJC_ROOT_CLASS = YES_ERROR;
				CLANG_WARN_QUOTED_INCLUDE_IN_FRAMEWORK_HEADER = YES;
				CLANG_WARN_RANGE_LOOP_ANALYSIS = YES;
				CLANG_WARN_STRICT_PROTOTYPES = YES;
				CLANG_WARN_SUSPICIOUS_MOVE = YES;
				CLANG_WARN_UNGUARDED_AVAILABILITY = YES_AGGRESSIVE;
				CLANG_WARN_UNREACHABLE_CODE = YES;
				CLANG_WARN__DUPLICATE_METHOD_MATCH = YES;
				COPY_PHASE_STRIP = NO;
				DEBUG_INFORMATION_FORMAT = "dwarf-with-dsym";
				ENABLE_NS_ASSERTIONS = NO;
				ENABLE_STRICT_OBJC_MSGSEND = YES;
				GCC_C_LANGUAGE_STANDARD = gnu11;
				GCC_NO_COMMON_BLOCKS = YES;
				GCC_WARN_64_TO_32_BIT_CONVERSION = YES;
				GCC_WARN_ABOUT_RETURN_TYPE = YES_ERROR;
				GCC_WARN_UNDECLARED_SELECTOR = YES;
				GCC_WARN_UNINITIALIZED_AUTOS = YES_AGGRESSIVE;
				GCC_WARN_UNUSED_FUNCTION = YES;
				GCC_WARN_UNUSED_VARIABLE = YES;
				IPHONEOS_DEPLOYMENT_TARGET = 16.4;
				MTL_ENABLE_DEBUG_INFO = NO;
				MTL_FAST_MATH = YES;
				SDKROOT = iphoneos;
				SWIFT_COMPILATION_MODE = wholemodule;
				SWIFT_OPTIMIZATION_LEVEL = "-O";
				VALIDATE_PRODUCT = YES;
			};
			name = Release;
		};
		4D27675C2AD152B400DE9D5D /* Debug */ = {
			isa = XCBuildConfiguration;
			buildSettings = {
				ASSETCATALOG_COMPILER_APPICON_NAME = AppIcon;
				ASSETCATALOG_COMPILER_GLOBAL_ACCENT_COLOR_NAME = AccentColor;
				CODE_SIGN_STYLE = Automatic;
				CURRENT_PROJECT_VERSION = 1;
				DEVELOPMENT_ASSET_PATHS = "\"DaimonProfile/Preview Content\"";
				ENABLE_PREVIEWS = YES;
				GENERATE_INFOPLIST_FILE = YES;
				INFOPLIST_KEY_UIApplicationSceneManifest_Generation = YES;
				INFOPLIST_KEY_UIApplicationSupportsIndirectInputEvents = YES;
				INFOPLIST_KEY_UILaunchScreen_Generation = YES;
				INFOPLIST_KEY_UISupportedInterfaceOrientations_iPad = "UIInterfaceOrientationPortrait UIInterfaceOrientationPortraitUpsideDown UIInterfaceOrientationLandscapeLeft UIInterfaceOrientationLandscapeRight";
				INFOPLIST_KEY_UISupportedInterfaceOrientations_iPhone = "UIInterfaceOrientationPortrait UIInterfaceOrientationLandscapeLeft UIInterfaceOrientationLandscapeRight";
				LD_RUNPATH_SEARCH_PATHS = (
					"$(inherited)",
					"@executable_path/Frameworks",
				);
				MARKETING_VERSION = 1.0;
				PRODUCT_BUNDLE_IDENTIFIER = com.Noor.DaimonProfile;
				PRODUCT_NAME = "$(TARGET_NAME)";
				SWIFT_EMIT_LOC_STRINGS = YES;
				SWIFT_VERSION = 5.0;
				TARGETED_DEVICE_FAMILY = "1,2";
			};
			name = Debug;
		};
		4D27675D2AD152B400DE9D5D /* Release */ = {
			isa = XCBuildConfiguration;
			buildSettings = {
				ASSETCATALOG_COMPILER_APPICON_NAME = AppIcon;
				ASSETCATALOG_COMPILER_GLOBAL_ACCENT_COLOR_NAME = AccentColor;
				CODE_SIGN_STYLE = Automatic;
				CURRENT_PROJECT_VERSION = 1;
				DEVELOPMENT_ASSET_PATHS = "\"DaimonProfile/Preview Content\"";
				ENABLE_PREVIEWS = YES;
				GENERATE_INFOPLIST_FILE = YES;
				INFOPLIST_KEY_UIApplicationSceneManifest_Generation = YES;
				INFOPLIST_KEY_UIApplicationSupportsIndirectInputEvents = YES;
				INFOPLIST_KEY_UILaunchScreen_Generation = YES;
				INFOPLIST_KEY_UISupportedInterfaceOrientations_iPad = "UIInterfaceOrientationPortrait UIInterfaceOrientationPortraitUpsideDown UIInterfaceOrientationLandscapeLeft UIInterfaceOrientationLandscapeRight";
				INFOPLIST_KEY_UISupportedInterfaceOrientations_iPhone = "UIInterfaceOrientationPortrait UIInterfaceOrientationLandscapeLeft UIInterfaceOrientationLandscapeRight";
				LD_RUNPATH_SEARCH_PATHS = (
					"$(inherited)",
					"@executable_path/Frameworks",
				);
				MARKETING_VERSION = 1.0;
				PRODUCT_BUNDLE_IDENTIFIER = com.Noor.DaimonProfile;
				PRODUCT_NAME = "$(TARGET_NAME)";
				SWIFT_EMIT_LOC_STRINGS = YES;
				SWIFT_VERSION = 5.0;
				TARGETED_DEVICE_FAMILY = "1,2";
			};
			name = Release;
		};
		4D27675F2AD152B400DE9D5D /* Debug */ = {
			isa = XCBuildConfiguration;
			buildSettings = {
				ALWAYS_EMBED_SWIFT_STANDARD_LIBRARIES = YES;
				BUNDLE_LOADER = "$(TEST_HOST)";
				CODE_SIGN_STYLE = Automatic;
				CURRENT_PROJECT_VERSION = 1;
				GENERATE_INFOPLIST_FILE = YES;
				IPHONEOS_DEPLOYMENT_TARGET = 16.4;
				MARKETING_VERSION = 1.0;
				PRODUCT_BUNDLE_IDENTIFIER = com.Noor.DaimonProfileTests;
				PRODUCT_NAME = "$(TARGET_NAME)";
				SWIFT_EMIT_LOC_STRINGS = NO;
				SWIFT_VERSION = 5.0;
				TARGETED_DEVICE_FAMILY = "1,2";
				TEST_HOST = "$(BUILT_PRODUCTS_DIR)/DaimonProfile.app/$(BUNDLE_EXECUTABLE_FOLDER_PATH)/DaimonProfile";
			};
			name = Debug;
		};
		4D2767602AD152B400DE9D5D /* Release */ = {
			isa = XCBuildConfiguration;
			buildSettings = {
				ALWAYS_EMBED_SWIFT_STANDARD_LIBRARIES = YES;
				BUNDLE_LOADER = "$(TEST_HOST)";
				CODE_SIGN_STYLE = Automatic;
				CURRENT_PROJECT_VERSION = 1;
				GENERATE_INFOPLIST_FILE = YES;
				IPHONEOS_DEPLOYMENT_TARGET = 16.4;
				MARKETING_VERSION = 1.0;
				PRODUCT_BUNDLE_IDENTIFIER = com.Noor.DaimonProfileTests;
				PRODUCT_NAME = "$(TARGET_NAME)";
				SWIFT_EMIT_LOC_STRINGS = NO;
				SWIFT_VERSION = 5.0;
				TARGETED_DEVICE_FAMILY = "1,2";
				TEST_HOST = "$(BUILT_PRODUCTS_DIR)/DaimonProfile.app/$(BUNDLE_EXECUTABLE_FOLDER_PATH)/DaimonProfile";
			};
			name = Release;
		};
		4D2767622AD152B400DE9D5D /* Debug */ = {
			isa = XCBuildConfiguration;
			buildSettings = {
				ALWAYS_EMBED_SWIFT_STANDARD_LIBRARIES = YES;
				CODE_SIGN_STYLE = Automatic;
				CURRENT_PROJECT_VERSION = 1;
				GENERATE_INFOPLIST_FILE = YES;
				MARKETING_VERSION = 1.0;
				PRODUCT_BUNDLE_IDENTIFIER = com.Noor.DaimonProfileUITests;
				PRODUCT_NAME = "$(TARGET_NAME)";
				SWIFT_EMIT_LOC_STRINGS = NO;
				SWIFT_VERSION = 5.0;
				TARGETED_DEVICE_FAMILY = "1,2";
				TEST_TARGET_NAME = DaimonProfile;
			};
			name = Debug;
		};
		4D2767632AD152B400DE9D5D /* Release */ = {
			isa = XCBuildConfiguration;
			buildSettings = {
				ALWAYS_EMBED_SWIFT_STANDARD_LIBRARIES = YES;
				CODE_SIGN_STYLE = Automatic;
				CURRENT_PROJECT_VERSION = 1;
				GENERATE_INFOPLIST_FILE = YES;
				MARKETING_VERSION = 1.0;
				PRODUCT_BUNDLE_IDENTIFIER = com.Noor.DaimonProfileUITests;
				PRODUCT_NAME = "$(TARGET_NAME)";
				SWIFT_EMIT_LOC_STRINGS = NO;
				SWIFT_VERSION = 5.0;
				TARGETED_DEVICE_FAMILY = "1,2";
				TEST_TARGET_NAME = DaimonProfile;
			};
			name = Release;
		};
/* End XCBuildConfiguration section */

/* Begin XCConfigurationList section */
		4D2767322AD152B200DE9D5D /* Build configuration list for PBXProject "DaimonProfile" */ = {
			isa = XCConfigurationList;
			buildConfigurations = (
				4D2767592AD152B400DE9D5D /* Debug */,
				4D27675A2AD152B400DE9D5D /* Release */,
			);
			defaultConfigurationIsVisible = 0;
			defaultConfigurationName = Release;
		};
		4D27675B2AD152B400DE9D5D /* Build configuration list for PBXNativeTarget "DaimonProfile" */ = {
			isa = XCConfigurationList;
			buildConfigurations = (
				4D27675C2AD152B400DE9D5D /* Debug */,
				4D27675D2AD152B400DE9D5D /* Release */,
			);
			defaultConfigurationIsVisible = 0;
			defaultConfigurationName = Release;
		};
		4D27675E2AD152B400DE9D5D /* Build configuration list for PBXNativeTarget "DaimonProfileTests" */ = {
			isa = XCConfigurationList;
			buildConfigurations = (
				4D27675F2AD152B400DE9D5D /* Debug */,
				4D2767602AD152B400DE9D5D /* Release */,
			);
			defaultConfigurationIsVisible = 0;
			defaultConfigurationName = Release;
		};
		4D2767612AD152B400DE9D5D /* Build configuration list for PBXNativeTarget "DaimonProfileUITests" */ = {
			isa = XCConfigurationList;
			buildConfigurations = (
				4D2767622AD152B400DE9D5D /* Debug */,
				4D2767632AD152B400DE9D5D /* Release */,
			);
			defaultConfigurationIsVisible = 0;
			defaultConfigurationName = Release;
		};
/* End XCConfigurationList section */
	};
	rootObject = 4D27672F2AD152B200DE9D5D /* Project object */;
}
